
Microsoft Visual Studio Solution File, Format Version 12.00
# Visual Studio Version 17
VisualStudioVersion = 17.0.31903.59
MinimumVisualStudioVersion = 10.0.40219.1
Project("{9A19103F-16F7-4668-BE54-9A1E7A4F7556}") = "MANAGER.Backend.WebApi", "MANAGER.Backend.WebApi\MANAGER.Backend.WebApi.csproj", "{621BE466-71C4-4E4D-BB8C-F3ACC45CC00E}"
EndProject
Project("{FAE04EC0-301F-11D3-BF4B-00C04F79EFBC}") = "MANAGER.Backend.Sql", "MANAGER.Backend.Sql\MANAGER.Backend.Sql.csproj", "{A00918FE-4EDB-43C2-B4E6-96CF2EE2F251}"
EndProject
Project("{2150E333-8FDC-42A3-9474-1A3956D46DE8}") = "1 - Infra", "1 - Infra", "{7BF0A743-B00D-4113-932E-ECC2E9325ADB}"
EndProject
Project("{2150E333-8FDC-42A3-9474-1A3956D46DE8}") = "4 - Web", "4 - Web", "{C0F53BAB-F64C-4DD0-B860-A235FE157342}"
EndProject
Project("{2150E333-8FDC-42A3-9474-1A3956D46DE8}") = "3 - Application", "3 - Application", "{1077B575-0680-4D4C-AC56-2555542F7B71}"
EndProject
Project("{2150E333-8FDC-42A3-9474-1A3956D46DE8}") = "2 - Domain", "2 - Domain", "{9EC004FD-216E-42BD-9B32-BE15A033926E}"
EndProject
Project("{2150E333-8FDC-42A3-9474-1A3956D46DE8}") = "1 - Data", "1 - Data", "{BF006C61-EF71-460C-8A18-EF60714E7C82}"
EndProject
Project("{FAE04EC0-301F-11D3-BF4B-00C04F79EFBC}") = "MANAGER.Backend.Core", "MANAGER.Backend.Core\MANAGER.Backend.Core.csproj", "{DA1F31F0-6233-4642-B696-497211340670}"
EndProject
Project("{FAE04EC0-301F-11D3-BF4B-00C04F79EFBC}") = "MANAGER.Backend.Application", "MANAGER.Backend.Application\MANAGER.Backend.Application.csproj", "{A0E1660F-E1C6-4E98-A164-D8F779D78D5E}"
EndProject
Project("{2150E333-8FDC-42A3-9474-1A3956D46DE8}") = "Tests", "Tests", "{76749308-7AF7-475F-9955-5DE1D6FFA3FD}"
EndProject
Project("{FAE04EC0-301F-11D3-BF4B-00C04F79EFBC}") = "MANAGER.Backend.UnitTests", "MANAGER.Backend.UnitTests\MANAGER.Backend.UnitTests.csproj", "{58E81B28-A6FC-40D5-B162-830A0586CD26}"
EndProject
Global
	GlobalSection(SolutionConfigurationPlatforms) = preSolution
		Debug|Any CPU = Debug|Any CPU
		Release|Any CPU = Release|Any CPU
	EndGlobalSection
	GlobalSection(ProjectConfigurationPlatforms) = postSolution
		{621BE466-71C4-4E4D-BB8C-F3ACC45CC00E}.Debug|Any CPU.ActiveCfg = Debug|Any CPU
		{621BE466-71C4-4E4D-BB8C-F3ACC45CC00E}.Debug|Any CPU.Build.0 = Debug|Any CPU
		{621BE466-71C4-4E4D-BB8C-F3ACC45CC00E}.Release|Any CPU.ActiveCfg = Release|Any CPU
		{621BE466-71C4-4E4D-BB8C-F3ACC45CC00E}.Release|Any CPU.Build.0 = Release|Any CPU
		{A00918FE-4EDB-43C2-B4E6-96CF2EE2F251}.Debug|Any CPU.ActiveCfg = Debug|Any CPU
		{A00918FE-4EDB-43C2-B4E6-96CF2EE2F251}.Debug|Any CPU.Build.0 = Debug|Any CPU
		{A00918FE-4EDB-43C2-B4E6-96CF2EE2F251}.Release|Any CPU.ActiveCfg = Release|Any CPU
		{A00918FE-4EDB-43C2-B4E6-96CF2EE2F251}.Release|Any CPU.Build.0 = Release|Any CPU
		{DA1F31F0-6233-4642-B696-497211340670}.Debug|Any CPU.ActiveCfg = Debug|Any CPU
		{DA1F31F0-6233-4642-B696-497211340670}.Debug|Any CPU.Build.0 = Debug|Any CPU
		{DA1F31F0-6233-4642-B696-497211340670}.Release|Any CPU.ActiveCfg = Release|Any CPU
		{DA1F31F0-6233-4642-B696-497211340670}.Release|Any CPU.Build.0 = Release|Any CPU
		{A0E1660F-E1C6-4E98-A164-D8F779D78D5E}.Debug|Any CPU.ActiveCfg = Debug|Any CPU
		{A0E1660F-E1C6-4E98-A164-D8F779D78D5E}.Debug|Any CPU.Build.0 = Debug|Any CPU
		{A0E1660F-E1C6-4E98-A164-D8F779D78D5E}.Release|Any CPU.ActiveCfg = Release|Any CPU
		{A0E1660F-E1C6-4E98-A164-D8F779D78D5E}.Release|Any CPU.Build.0 = Release|Any CPU
		{58E81B28-A6FC-40D5-B162-830A0586CD26}.Debug|Any CPU.ActiveCfg = Debug|Any CPU
		{58E81B28-A6FC-40D5-B162-830A0586CD26}.Debug|Any CPU.Build.0 = Debug|Any CPU
		{58E81B28-A6FC-40D5-B162-830A0586CD26}.Release|Any CPU.ActiveCfg = Release|Any CPU
		{58E81B28-A6FC-40D5-B162-830A0586CD26}.Release|Any CPU.Build.0 = Release|Any CPU
	EndGlobalSection
	GlobalSection(SolutionProperties) = preSolution
		HideSolutionNode = FALSE
	EndGlobalSection
	GlobalSection(NestedProjects) = preSolution
		{621BE466-71C4-4E4D-BB8C-F3ACC45CC00E} = {C0F53BAB-F64C-4DD0-B860-A235FE157342}
		{A00918FE-4EDB-43C2-B4E6-96CF2EE2F251} = {BF006C61-EF71-460C-8A18-EF60714E7C82}
		{BF006C61-EF71-460C-8A18-EF60714E7C82} = {7BF0A743-B00D-4113-932E-ECC2E9325ADB}
		{DA1F31F0-6233-4642-B696-497211340670} = {9EC004FD-216E-42BD-9B32-BE15A033926E}
		{A0E1660F-E1C6-4E98-A164-D8F779D78D5E} = {1077B575-0680-4D4C-AC56-2555542F7B71}
		{58E81B28-A6FC-40D5-B162-830A0586CD26} = {76749308-7AF7-475F-9955-5DE1D6FFA3FD}
	EndGlobalSection
	GlobalSection(ExtensibilityGlobals) = postSolution
		SolutionGuid = {46819A25-36A9-4A94-8827-92B3A97E60F7}
	EndGlobalSection
EndGlobal
